
Microsoft Visual Studio Solution File, Format Version 12.00
# Visual Studio Version 17
VisualStudioVersion = 17.5.002.0
MinimumVisualStudioVersion = 10.0.40219.1
Project("{9A19103F-16F7-4668-BE54-9A1E7A4F7556}") = "PineAPP", "PineAPP.csproj", "{49AC40DE-89DC-48F5-A651-9592D6FFFB42}"
EndProject
Global
	GlobalSection(SolutionConfigurationPlatforms) = preSolution
		Debug|Any CPU = Debug|Any CPU
		Release|Any CPU = Release|Any CPU
	EndGlobalSection
	GlobalSection(ProjectConfigurationPlatforms) = postSolution
		{49AC40DE-89DC-48F5-A651-9592D6FFFB42}.Debug|Any CPU.ActiveCfg = Debug|Any CPU
		{49AC40DE-89DC-48F5-A651-9592D6FFFB42}.Debug|Any CPU.Build.0 = Debug|Any CPU
		{49AC40DE-89DC-48F5-A651-9592D6FFFB42}.Release|Any CPU.ActiveCfg = Release|Any CPU
		{49AC40DE-89DC-48F5-A651-9592D6FFFB42}.Release|Any CPU.Build.0 = Release|Any CPU
	EndGlobalSection
	GlobalSection(SolutionProperties) = preSolution
		HideSolutionNode = FALSE
	EndGlobalSection
	GlobalSection(ExtensibilityGlobals) = postSolution
		SolutionGuid = {F9DD17F9-CFDE-4383-A113-13F30456CF65}
	EndGlobalSection
EndGlobal
